
Microsoft Visual Studio Solution File, Format Version 12.00
# Visual Studio Version 16
VisualStudioVersion = 16.0.30517.126
MinimumVisualStudioVersion = 10.0.40219.1
Project("{FAE04EC0-301F-11D3-BF4B-00C04F79EFBC}") = "BillTrackerAssignment", "BillTrackerAssignment.csproj", "{9B1596C4-8AFF-4103-A097-382FF9F8E23B}"
EndProject
Global
	GlobalSection(SolutionConfigurationPlatforms) = preSolution
		Debug|Any CPU = Debug|Any CPU
		Release|Any CPU = Release|Any CPU
	EndGlobalSection
	GlobalSection(ProjectConfigurationPlatforms) = postSolution
		{9B1596C4-8AFF-4103-A097-382FF9F8E23B}.Debug|Any CPU.ActiveCfg = Debug|Any CPU
		{9B1596C4-8AFF-4103-A097-382FF9F8E23B}.Debug|Any CPU.Build.0 = Debug|Any CPU
		{9B1596C4-8AFF-4103-A097-382FF9F8E23B}.Release|Any CPU.ActiveCfg = Release|Any CPU
		{9B1596C4-8AFF-4103-A097-382FF9F8E23B}.Release|Any CPU.Build.0 = Release|Any CPU
	EndGlobalSection
	GlobalSection(SolutionProperties) = preSolution
		HideSolutionNode = FALSE
	EndGlobalSection
	GlobalSection(ExtensibilityGlobals) = postSolution
		SolutionGuid = {6858A5FD-222A-4275-9410-25AAD83FAB20}
	EndGlobalSection
EndGlobal
